
Microsoft Visual Studio Solution File, Format Version 12.00
# Visual Studio Version 16
VisualStudioVersion = 16.0.31321.278
MinimumVisualStudioVersion = 10.0.40219.1
Project("{FAE04EC0-301F-11D3-BF4B-00C04F79EFBC}") = "FactoryPatternExercise", "FactoryPatternExercise.csproj", "{AD9BF84B-9E47-4CA4-B00E-26C82F765606}"
EndProject
Global
	GlobalSection(SolutionConfigurationPlatforms) = preSolution
		Debug|Any CPU = Debug|Any CPU
		Release|Any CPU = Release|Any CPU
	EndGlobalSection
	GlobalSection(ProjectConfigurationPlatforms) = postSolution
		{AD9BF84B-9E47-4CA4-B00E-26C82F765606}.Debug|Any CPU.ActiveCfg = Debug|Any CPU
		{AD9BF84B-9E47-4CA4-B00E-26C82F765606}.Debug|Any CPU.Build.0 = Debug|Any CPU
		{AD9BF84B-9E47-4CA4-B00E-26C82F765606}.Release|Any CPU.ActiveCfg = Release|Any CPU
		{AD9BF84B-9E47-4CA4-B00E-26C82F765606}.Release|Any CPU.Build.0 = Release|Any CPU
	EndGlobalSection
	GlobalSection(SolutionProperties) = preSolution
		HideSolutionNode = FALSE
	EndGlobalSection
	GlobalSection(ExtensibilityGlobals) = postSolution
		SolutionGuid = {079504C2-0DBB-4D7E-8AAE-AC70A8CBD6DC}
	EndGlobalSection
EndGlobal
